// !$*UTF8*$!
{
	archiveVersion = 1;
	classes = {
	};
	objectVersion = 46;
	objects = {

/* Begin PBXBuildFile section */
		223E86F84D16B36BBE155F19 /* Pods_Messager.framework in Frameworks */ = {isa = PBXBuildFile; fileRef = 16CDC621BEAAF25FA487AEC5 /* Pods_Messager.framework */; };
		3011EC381EE6ABF1003E755E /* ChatMessageCell+zoomImage+playVideo.swift in Sources */ = {isa = PBXBuildFile; fileRef = 3011EC371EE6ABF1003E755E /* ChatMessageCell+zoomImage+playVideo.swift */; };
		3045C2C41EE425F60042993E /* Date+getTimeString.swift in Sources */ = {isa = PBXBuildFile; fileRef = 3045C2C31EE425F60042993E /* Date+getTimeString.swift */; };
		3045C2C61EE428A30042993E /* String+estimatedRect.swift in Sources */ = {isa = PBXBuildFile; fileRef = 3045C2C51EE428A30042993E /* String+estimatedRect.swift */; };
		3045C2C81EE44D250042993E /* ChatLogController+uploadImage.swift in Sources */ = {isa = PBXBuildFile; fileRef = 3045C2C71EE44D250042993E /* ChatLogController+uploadImage.swift */; };
		304727711EE10C7400DBC4B5 /* RegisterProfilePictureViewController.swift in Sources */ = {isa = PBXBuildFile; fileRef = 304727701EE10C7400DBC4B5 /* RegisterProfilePictureViewController.swift */; };
		304727731EE10D4B00DBC4B5 /* PresentProfilePicturePickerDelegate.swift in Sources */ = {isa = PBXBuildFile; fileRef = 304727721EE10D4B00DBC4B5 /* PresentProfilePicturePickerDelegate.swift */; };
		304727751EE16A1700DBC4B5 /* UIImageView+extension.swift in Sources */ = {isa = PBXBuildFile; fileRef = 304727741EE16A1700DBC4B5 /* UIImageView+extension.swift */; };
		3061FBA21EE05E27003A7EA1 /* LoginVC+segmentedControl.swift in Sources */ = {isa = PBXBuildFile; fileRef = 3061FBA11EE05E27003A7EA1 /* LoginVC+segmentedControl.swift */; };
		306D947A1EE332C100D13782 /* Double+getTimeAgoString.swift in Sources */ = {isa = PBXBuildFile; fileRef = 306D94791EE332C100D13782 /* Double+getTimeAgoString.swift */; };
		307797CE1EDF0ED600DA23AA /* AppDelegate.swift in Sources */ = {isa = PBXBuildFile; fileRef = 307797CD1EDF0ED600DA23AA /* AppDelegate.swift */; };
		307797D01EDF0ED600DA23AA /* MessagesTableViewController.swift in Sources */ = {isa = PBXBuildFile; fileRef = 307797CF1EDF0ED600DA23AA /* MessagesTableViewController.swift */; };
		307797D51EDF0ED600DA23AA /* Assets.xcassets in Resources */ = {isa = PBXBuildFile; fileRef = 307797D41EDF0ED600DA23AA /* Assets.xcassets */; };
		307797D81EDF0ED600DA23AA /* LaunchScreen.storyboard in Resources */ = {isa = PBXBuildFile; fileRef = 307797D61EDF0ED600DA23AA /* LaunchScreen.storyboard */; };
		307797E11EDF0FF700DA23AA /* LoginViewController.swift in Sources */ = {isa = PBXBuildFile; fileRef = 307797E01EDF0FF600DA23AA /* LoginViewController.swift */; };
		307797E41EDF109F00DA23AA /* UIColor+extension.swift in Sources */ = {isa = PBXBuildFile; fileRef = 307797E31EDF109F00DA23AA /* UIColor+extension.swift */; };
		307797E61EDF121D00DA23AA /* UIView+extension.swift in Sources */ = {isa = PBXBuildFile; fileRef = 307797E51EDF121D00DA23AA /* UIView+extension.swift */; };
		307797E81EDF1AE700DA23AA /* LoginVC+keyboardObserver.swift in Sources */ = {isa = PBXBuildFile; fileRef = 307797E71EDF1AE700DA23AA /* LoginVC+keyboardObserver.swift */; };
		307797EB1EDF2FB600DA23AA /* GoogleService-Info.plist in Resources */ = {isa = PBXBuildFile; fileRef = 307797EA1EDF2FB600DA23AA /* GoogleService-Info.plist */; };
		307797ED1EDF320900DA23AA /* LoginVC+login+register.swift in Sources */ = {isa = PBXBuildFile; fileRef = 307797EC1EDF320900DA23AA /* LoginVC+login+register.swift */; };
		3081413F1EE4679600E38560 /* ZoomImageAndPlayVideoDelegate.swift in Sources */ = {isa = PBXBuildFile; fileRef = 3081413E1EE4679600E38560 /* ZoomImageAndPlayVideoDelegate.swift */; };
		308141411EE4680400E38560 /* ChatController+zoomImage+playVideo.swift in Sources */ = {isa = PBXBuildFile; fileRef = 308141401EE4680400E38560 /* ChatController+zoomImage+playVideo.swift */; };
		308141431EE47CC700E38560 /* MessagesTalbeController+delete.swift in Sources */ = {isa = PBXBuildFile; fileRef = 308141421EE47CC700E38560 /* MessagesTalbeController+delete.swift */; };
		30821D9F1EE2B26C00F4C2E6 /* ChatLogController+send.swift in Sources */ = {isa = PBXBuildFile; fileRef = 30821D9E1EE2B26C00F4C2E6 /* ChatLogController+send.swift */; };
		30821DA11EE2BA8B00F4C2E6 /* ChatMessageCollectionViewCell.swift in Sources */ = {isa = PBXBuildFile; fileRef = 30821DA01EE2BA8B00F4C2E6 /* ChatMessageCollectionViewCell.swift */; };
		30821DA31EE2C03000F4C2E6 /* ChatLogController+observeMessagesUpdated.swift in Sources */ = {isa = PBXBuildFile; fileRef = 30821DA21EE2C03000F4C2E6 /* ChatLogController+observeMessagesUpdated.swift */; };
		30821DA51EE2C20A00F4C2E6 /* Message.swift in Sources */ = {isa = PBXBuildFile; fileRef = 30821DA41EE2C20A00F4C2E6 /* Message.swift */; };
		30821DA71EE2CB6600F4C2E6 /* MessagesTableController+observeUserMessages.swift in Sources */ = {isa = PBXBuildFile; fileRef = 30821DA61EE2CB6600F4C2E6 /* MessagesTableController+observeUserMessages.swift */; };
		30821DA91EE2EC3C00F4C2E6 /* MessagesTableViewCell.swift in Sources */ = {isa = PBXBuildFile; fileRef = 30821DA81EE2EC3C00F4C2E6 /* MessagesTableViewCell.swift */; };
		30822E821EE2A018002067DC /* ChatLogCollectionViewController.swift in Sources */ = {isa = PBXBuildFile; fileRef = 30822E811EE2A018002067DC /* ChatLogCollectionViewController.swift */; };
		30822E841EE2A0FC002067DC /* PresentChatLogDelegate.swift in Sources */ = {isa = PBXBuildFile; fileRef = 30822E831EE2A0FC002067DC /* PresentChatLogDelegate.swift */; };
		30965D791EE07D05003B82DF /* User.swift in Sources */ = {isa = PBXBuildFile; fileRef = 30965D781EE07D05003B82DF /* User.swift */; };
		30965D7C1EE07EDC003B82DF /* NewMessageTableViewController.swift in Sources */ = {isa = PBXBuildFile; fileRef = 30965D7B1EE07EDC003B82DF /* NewMessageTableViewController.swift */; };
		30965D7E1EE084F3003B82DF /* NewMessageTableViewCell.swift in Sources */ = {isa = PBXBuildFile; fileRef = 30965D7D1EE084F3003B82DF /* NewMessageTableViewCell.swift */; };
/* End PBXBuildFile section */

/* Begin PBXFileReference section */
		16CDC621BEAAF25FA487AEC5 /* Pods_Messager.framework */ = {isa = PBXFileReference; explicitFileType = wrapper.framework; includeInIndex = 0; path = Pods_Messager.framework; sourceTree = BUILT_PRODUCTS_DIR; };
		3011EC371EE6ABF1003E755E /* ChatMessageCell+zoomImage+playVideo.swift */ = {isa = PBXFileReference; fileEncoding = 4; lastKnownFileType = sourcecode.swift; path = "ChatMessageCell+zoomImage+playVideo.swift"; sourceTree = "<group>"; };
		3045C2C31EE425F60042993E /* Date+getTimeString.swift */ = {isa = PBXFileReference; fileEncoding = 4; lastKnownFileType = sourcecode.swift; path = "Date+getTimeString.swift"; sourceTree = "<group>"; };
		3045C2C51EE428A30042993E /* String+estimatedRect.swift */ = {isa = PBXFileReference; fileEncoding = 4; lastKnownFileType = sourcecode.swift; path = "String+estimatedRect.swift"; sourceTree = "<group>"; };
		3045C2C71EE44D250042993E /* ChatLogController+uploadImage.swift */ = {isa = PBXFileReference; fileEncoding = 4; lastKnownFileType = sourcecode.swift; path = "ChatLogController+uploadImage.swift"; sourceTree = "<group>"; };
		304727701EE10C7400DBC4B5 /* RegisterProfilePictureViewController.swift */ = {isa = PBXFileReference; fileEncoding = 4; lastKnownFileType = sourcecode.swift; path = RegisterProfilePictureViewController.swift; sourceTree = "<group>"; };
		304727721EE10D4B00DBC4B5 /* PresentProfilePicturePickerDelegate.swift */ = {isa = PBXFileReference; fileEncoding = 4; lastKnownFileType = sourcecode.swift; path = PresentProfilePicturePickerDelegate.swift; sourceTree = "<group>"; };
		304727741EE16A1700DBC4B5 /* UIImageView+extension.swift */ = {isa = PBXFileReference; fileEncoding = 4; lastKnownFileType = sourcecode.swift; path = "UIImageView+extension.swift"; sourceTree = "<group>"; };
		3061FBA11EE05E27003A7EA1 /* LoginVC+segmentedControl.swift */ = {isa = PBXFileReference; fileEncoding = 4; lastKnownFileType = sourcecode.swift; path = "LoginVC+segmentedControl.swift"; sourceTree = "<group>"; };
		306D94791EE332C100D13782 /* Double+getTimeAgoString.swift */ = {isa = PBXFileReference; fileEncoding = 4; lastKnownFileType = sourcecode.swift; path = "Double+getTimeAgoString.swift"; sourceTree = "<group>"; };
		307797CA1EDF0ED600DA23AA /* Messager.app */ = {isa = PBXFileReference; explicitFileType = wrapper.application; includeInIndex = 0; path = Messager.app; sourceTree = BUILT_PRODUCTS_DIR; };
		307797CD1EDF0ED600DA23AA /* AppDelegate.swift */ = {isa = PBXFileReference; lastKnownFileType = sourcecode.swift; path = AppDelegate.swift; sourceTree = "<group>"; };
		307797CF1EDF0ED600DA23AA /* MessagesTableViewController.swift */ = {isa = PBXFileReference; lastKnownFileType = sourcecode.swift; path = MessagesTableViewController.swift; sourceTree = "<group>"; };
		307797D41EDF0ED600DA23AA /* Assets.xcassets */ = {isa = PBXFileReference; lastKnownFileType = folder.assetcatalog; path = Assets.xcassets; sourceTree = "<group>"; };
		307797D71EDF0ED600DA23AA /* Base */ = {isa = PBXFileReference; lastKnownFileType = file.storyboard; name = Base; path = Base.lproj/LaunchScreen.storyboard; sourceTree = "<group>"; };
		307797D91EDF0ED600DA23AA /* Info.plist */ = {isa = PBXFileReference; lastKnownFileType = text.plist.xml; path = Info.plist; sourceTree = "<group>"; };
		307797E01EDF0FF600DA23AA /* LoginViewController.swift */ = {isa = PBXFileReference; fileEncoding = 4; lastKnownFileType = sourcecode.swift; path = LoginViewController.swift; sourceTree = "<group>"; };
		307797E31EDF109F00DA23AA /* UIColor+extension.swift */ = {isa = PBXFileReference; fileEncoding = 4; lastKnownFileType = sourcecode.swift; path = "UIColor+extension.swift"; sourceTree = "<group>"; };
		307797E51EDF121D00DA23AA /* UIView+extension.swift */ = {isa = PBXFileReference; fileEncoding = 4; lastKnownFileType = sourcecode.swift; path = "UIView+extension.swift"; sourceTree = "<group>"; };
		307797E71EDF1AE700DA23AA /* LoginVC+keyboardObserver.swift */ = {isa = PBXFileReference; fileEncoding = 4; lastKnownFileType = sourcecode.swift; path = "LoginVC+keyboardObserver.swift"; sourceTree = "<group>"; };
		307797EA1EDF2FB600DA23AA /* GoogleService-Info.plist */ = {isa = PBXFileReference; fileEncoding = 4; lastKnownFileType = text.plist.xml; path = "GoogleService-Info.plist"; sourceTree = "<group>"; };
		307797EC1EDF320900DA23AA /* LoginVC+login+register.swift */ = {isa = PBXFileReference; fileEncoding = 4; lastKnownFileType = sourcecode.swift; path = "LoginVC+login+register.swift"; sourceTree = "<group>"; };
		3081413E1EE4679600E38560 /* ZoomImageAndPlayVideoDelegate.swift */ = {isa = PBXFileReference; fileEncoding = 4; lastKnownFileType = sourcecode.swift; path = ZoomImageAndPlayVideoDelegate.swift; sourceTree = "<group>"; };
		308141401EE4680400E38560 /* ChatController+zoomImage+playVideo.swift */ = {isa = PBXFileReference; fileEncoding = 4; lastKnownFileType = sourcecode.swift; path = "ChatController+zoomImage+playVideo.swift"; sourceTree = "<group>"; };
		308141421EE47CC700E38560 /* MessagesTalbeController+delete.swift */ = {isa = PBXFileReference; fileEncoding = 4; lastKnownFileType = sourcecode.swift; path = "MessagesTalbeController+delete.swift"; sourceTree = "<group>"; };
		30821D9E1EE2B26C00F4C2E6 /* ChatLogController+send.swift */ = {isa = PBXFileReference; fileEncoding = 4; lastKnownFileType = sourcecode.swift; path = "ChatLogController+send.swift"; sourceTree = "<group>"; };
		30821DA01EE2BA8B00F4C2E6 /* ChatMessageCollectionViewCell.swift */ = {isa = PBXFileReference; fileEncoding = 4; lastKnownFileType = sourcecode.swift; path = ChatMessageCollectionViewCell.swift; sourceTree = "<group>"; };
		30821DA21EE2C03000F4C2E6 /* ChatLogController+observeMessagesUpdated.swift */ = {isa = PBXFileReference; fileEncoding = 4; lastKnownFileType = sourcecode.swift; path = "ChatLogController+observeMessagesUpdated.swift"; sourceTree = "<group>"; };
		30821DA41EE2C20A00F4C2E6 /* Message.swift */ = {isa = PBXFileReference; fileEncoding = 4; lastKnownFileType = sourcecode.swift; path = Message.swift; sourceTree = "<group>"; };
		30821DA61EE2CB6600F4C2E6 /* MessagesTableController+observeUserMessages.swift */ = {isa = PBXFileReference; fileEncoding = 4; lastKnownFileType = sourcecode.swift; path = "MessagesTableController+observeUserMessages.swift"; sourceTree = "<group>"; };
		30821DA81EE2EC3C00F4C2E6 /* MessagesTableViewCell.swift */ = {isa = PBXFileReference; fileEncoding = 4; lastKnownFileType = sourcecode.swift; path = MessagesTableViewCell.swift; sourceTree = "<group>"; };
		30822E811EE2A018002067DC /* ChatLogCollectionViewController.swift */ = {isa = PBXFileReference; fileEncoding = 4; lastKnownFileType = sourcecode.swift; path = ChatLogCollectionViewController.swift; sourceTree = "<group>"; };
		30822E831EE2A0FC002067DC /* PresentChatLogDelegate.swift */ = {isa = PBXFileReference; fileEncoding = 4; lastKnownFileType = sourcecode.swift; path = PresentChatLogDelegate.swift; sourceTree = "<group>"; };
		30965D781EE07D05003B82DF /* User.swift */ = {isa = PBXFileReference; fileEncoding = 4; lastKnownFileType = sourcecode.swift; path = User.swift; sourceTree = "<group>"; };
		30965D7B1EE07EDC003B82DF /* NewMessageTableViewController.swift */ = {isa = PBXFileReference; fileEncoding = 4; lastKnownFileType = sourcecode.swift; path = NewMessageTableViewController.swift; sourceTree = "<group>"; };
		30965D7D1EE084F3003B82DF /* NewMessageTableViewCell.swift */ = {isa = PBXFileReference; fileEncoding = 4; lastKnownFileType = sourcecode.swift; path = NewMessageTableViewCell.swift; sourceTree = "<group>"; };
		315218BF318852436F8F32E5 /* Pods-Messager.release.xcconfig */ = {isa = PBXFileReference; includeInIndex = 1; lastKnownFileType = text.xcconfig; name = "Pods-Messager.release.xcconfig"; path = "Pods/Target Support Files/Pods-Messager/Pods-Messager.release.xcconfig"; sourceTree = "<group>"; };
		87AD0E985007139D3DA2DEAE /* Pods-Messager.debug.xcconfig */ = {isa = PBXFileReference; includeInIndex = 1; lastKnownFileType = text.xcconfig; name = "Pods-Messager.debug.xcconfig"; path = "Pods/Target Support Files/Pods-Messager/Pods-Messager.debug.xcconfig"; sourceTree = "<group>"; };
/* End PBXFileReference section */

/* Begin PBXFrameworksBuildPhase section */
		307797C71EDF0ED600DA23AA /* Frameworks */ = {
			isa = PBXFrameworksBuildPhase;
			buildActionMask = 2147483647;
			files = (
				223E86F84D16B36BBE155F19 /* Pods_Messager.framework in Frameworks */,
			);
			runOnlyForDeploymentPostprocessing = 0;
		};
/* End PBXFrameworksBuildPhase section */

/* Begin PBXGroup section */
		3011EC2E1EE6A817003E755E /* MessagesTable */ = {
			isa = PBXGroup;
			children = (
				3011EC341EE6A8D0003E755E /* Controller */,
				3011EC2F1EE6A84C003E755E /* MessageCell */,
				3011EC301EE6A869003E755E /* Delegate */,
			);
			name = MessagesTable;
			sourceTree = "<group>";
		};
		3011EC2F1EE6A84C003E755E /* MessageCell */ = {
			isa = PBXGroup;
			children = (
				30821DA81EE2EC3C00F4C2E6 /* MessagesTableViewCell.swift */,
			);
			name = MessageCell;
			sourceTree = "<group>";
		};
		3011EC301EE6A869003E755E /* Delegate */ = {
			isa = PBXGroup;
			children = (
				304727721EE10D4B00DBC4B5 /* PresentProfilePicturePickerDelegate.swift */,
				30822E831EE2A0FC002067DC /* PresentChatLogDelegate.swift */,
			);
			name = Delegate;
			sourceTree = "<group>";
		};
		3011EC311EE6A887003E755E /* ChatMessageCell */ = {
			isa = PBXGroup;
			children = (
				30821DA01EE2BA8B00F4C2E6 /* ChatMessageCollectionViewCell.swift */,
				3011EC371EE6ABF1003E755E /* ChatMessageCell+zoomImage+playVideo.swift */,
			);
			name = ChatMessageCell;
			sourceTree = "<group>";
		};
		3011EC321EE6A898003E755E /* Delegate */ = {
			isa = PBXGroup;
			children = (
				3081413E1EE4679600E38560 /* ZoomImageAndPlayVideoDelegate.swift */,
			);
			name = Delegate;
			sourceTree = "<group>";
		};
		3011EC331EE6A8C6003E755E /* Controller */ = {
			isa = PBXGroup;
			children = (
				30822E811EE2A018002067DC /* ChatLogCollectionViewController.swift */,
				30821DA21EE2C03000F4C2E6 /* ChatLogController+observeMessagesUpdated.swift */,
				3045C2C71EE44D250042993E /* ChatLogController+uploadImage.swift */,
				30821D9E1EE2B26C00F4C2E6 /* ChatLogController+send.swift */,
				308141401EE4680400E38560 /* ChatController+zoomImage+playVideo.swift */,
			);
			name = Controller;
			sourceTree = "<group>";
		};
		3011EC341EE6A8D0003E755E /* Controller */ = {
			isa = PBXGroup;
			children = (
				307797CF1EDF0ED600DA23AA /* MessagesTableViewController.swift */,
				308141421EE47CC700E38560 /* MessagesTalbeController+delete.swift */,
				30821DA61EE2CB6600F4C2E6 /* MessagesTableController+observeUserMessages.swift */,
			);
			name = Controller;
			sourceTree = "<group>";
		};
		3011EC351EE6A8E8003E755E /* Login */ = {
			isa = PBXGroup;
			children = (
				307797E01EDF0FF600DA23AA /* LoginViewController.swift */,
				3061FBA11EE05E27003A7EA1 /* LoginVC+segmentedControl.swift */,
				307797E71EDF1AE700DA23AA /* LoginVC+keyboardObserver.swift */,
				307797EC1EDF320900DA23AA /* LoginVC+login+register.swift */,
			);
			name = Login;
			sourceTree = "<group>";
		};
		3011EC361EE6A8F4003E755E /* PictureRegister */ = {
			isa = PBXGroup;
			children = (
				304727701EE10C7400DBC4B5 /* RegisterProfilePictureViewController.swift */,
			);
			name = PictureRegister;
			sourceTree = "<group>";
		};
		307797C11EDF0ED600DA23AA = {
			isa = PBXGroup;
			children = (
				307797CC1EDF0ED600DA23AA /* Messager */,
				307797CB1EDF0ED600DA23AA /* Products */,
				CE90AA582932B4934AED7331 /* Pods */,
				EF998369A8F9DCAF8E008A63 /* Frameworks */,
			);
			sourceTree = "<group>";
		};
		307797CB1EDF0ED600DA23AA /* Products */ = {
			isa = PBXGroup;
			children = (
				307797CA1EDF0ED600DA23AA /* Messager.app */,
			);
			name = Products;
			sourceTree = "<group>";
		};
		307797CC1EDF0ED600DA23AA /* Messager */ = {
			isa = PBXGroup;
			children = (
				307797CD1EDF0ED600DA23AA /* AppDelegate.swift */,
				307797E21EDF108500DA23AA /* UI+extension */,
				30965D771EE07CEF003B82DF /* Modal */,
				307797E91EDF2A0000DA23AA /* Main */,
				307797DF1EDF0FDD00DA23AA /* Login */,
				307797D41EDF0ED600DA23AA /* Assets.xcassets */,
				307797D61EDF0ED600DA23AA /* LaunchScreen.storyboard */,
				307797D91EDF0ED600DA23AA /* Info.plist */,
				307797EA1EDF2FB600DA23AA /* GoogleService-Info.plist */,
			);
			path = Messager;
			sourceTree = "<group>";
		};
		307797DF1EDF0FDD00DA23AA /* Login */ = {
			isa = PBXGroup;
			children = (
				3011EC351EE6A8E8003E755E /* Login */,
				3011EC361EE6A8F4003E755E /* PictureRegister */,
			);
			name = Login;
			sourceTree = "<group>";
		};
		307797E21EDF108500DA23AA /* UI+extension */ = {
			isa = PBXGroup;
			children = (
				307797E31EDF109F00DA23AA /* UIColor+extension.swift */,
				3045C2C31EE425F60042993E /* Date+getTimeString.swift */,
				306D94791EE332C100D13782 /* Double+getTimeAgoString.swift */,
				307797E51EDF121D00DA23AA /* UIView+extension.swift */,
				304727741EE16A1700DBC4B5 /* UIImageView+extension.swift */,
				3045C2C51EE428A30042993E /* String+estimatedRect.swift */,
			);
			name = "UI+extension";
			sourceTree = "<group>";
		};
		307797E91EDF2A0000DA23AA /* Main */ = {
			isa = PBXGroup;
			children = (
				3011EC2E1EE6A817003E755E /* MessagesTable */,
				30822E7E1EE29A01002067DC /* ChatLogController */,
				30965D7A1EE07EB8003B82DF /* NewMessage */,
			);
			name = Main;
			sourceTree = "<group>";
		};
		30822E7E1EE29A01002067DC /* ChatLogController */ = {
			isa = PBXGroup;
			children = (
				3011EC331EE6A8C6003E755E /* Controller */,
				3011EC311EE6A887003E755E /* ChatMessageCell */,
				3011EC321EE6A898003E755E /* Delegate */,
			);
			name = ChatLogController;
			sourceTree = "<group>";
		};
		30965D771EE07CEF003B82DF /* Modal */ = {
			isa = PBXGroup;
			children = (
				30965D781EE07D05003B82DF /* User.swift */,
				30821DA41EE2C20A00F4C2E6 /* Message.swift */,
			);
			name = Modal;
			sourceTree = "<group>";
		};
		30965D7A1EE07EB8003B82DF /* NewMessage */ = {
			isa = PBXGroup;
			children = (
				30965D7B1EE07EDC003B82DF /* NewMessageTableViewController.swift */,
				30965D7D1EE084F3003B82DF /* NewMessageTableViewCell.swift */,
			);
			name = NewMessage;
			sourceTree = "<group>";
		};
		CE90AA582932B4934AED7331 /* Pods */ = {
			isa = PBXGroup;
			children = (
				87AD0E985007139D3DA2DEAE /* Pods-Messager.debug.xcconfig */,
				315218BF318852436F8F32E5 /* Pods-Messager.release.xcconfig */,
			);
			name = Pods;
			sourceTree = "<group>";
		};
		EF998369A8F9DCAF8E008A63 /* Frameworks */ = {
			isa = PBXGroup;
			children = (
				16CDC621BEAAF25FA487AEC5 /* Pods_Messager.framework */,
			);
			name = Frameworks;
			sourceTree = "<group>";
		};
/* End PBXGroup section */

/* Begin PBXNativeTarget section */
		307797C91EDF0ED600DA23AA /* Messager */ = {
			isa = PBXNativeTarget;
			buildConfigurationList = 307797DC1EDF0ED600DA23AA /* Build configuration list for PBXNativeTarget "Messager" */;
			buildPhases = (
				4A853792E1149A93370CAEA5 /* [CP] Check Pods Manifest.lock */,
				307797C61EDF0ED600DA23AA /* Sources */,
				307797C71EDF0ED600DA23AA /* Frameworks */,
				307797C81EDF0ED600DA23AA /* Resources */,
				580CB1B0A76CC724E01DC567 /* [CP] Embed Pods Frameworks */,
				25FA88D0EDA036AF1365C887 /* [CP] Copy Pods Resources */,
			);
			buildRules = (
			);
			dependencies = (
			);
			name = Messager;
			productName = Messager;
			productReference = 307797CA1EDF0ED600DA23AA /* Messager.app */;
			productType = "com.apple.product-type.application";
		};
/* End PBXNativeTarget section */

/* Begin PBXProject section */
		307797C21EDF0ED600DA23AA /* Project object */ = {
			isa = PBXProject;
			attributes = {
				LastSwiftUpdateCheck = 0830;
				LastUpgradeCheck = 0830;
				ORGANIZATIONNAME = "Harry Cao";
				TargetAttributes = {
					307797C91EDF0ED600DA23AA = {
						CreatedOnToolsVersion = 8.3.2;
						DevelopmentTeam = 2MRG3U4CR7;
						ProvisioningStyle = Automatic;
					};
				};
			};
			buildConfigurationList = 307797C51EDF0ED600DA23AA /* Build configuration list for PBXProject "Messager" */;
			compatibilityVersion = "Xcode 3.2";
			developmentRegion = English;
			hasScannedForEncodings = 0;
			knownRegions = (
				en,
				Base,
			);
			mainGroup = 307797C11EDF0ED600DA23AA;
			productRefGroup = 307797CB1EDF0ED600DA23AA /* Products */;
			projectDirPath = "";
			projectRoot = "";
			targets = (
				307797C91EDF0ED600DA23AA /* Messager */,
			);
		};
/* End PBXProject section */

/* Begin PBXResourcesBuildPhase section */
		307797C81EDF0ED600DA23AA /* Resources */ = {
			isa = PBXResourcesBuildPhase;
			buildActionMask = 2147483647;
			files = (
				307797D81EDF0ED600DA23AA /* LaunchScreen.storyboard in Resources */,
				307797D51EDF0ED600DA23AA /* Assets.xcassets in Resources */,
				307797EB1EDF2FB600DA23AA /* GoogleService-Info.plist in Resources */,
			);
			runOnlyForDeploymentPostprocessing = 0;
		};
/* End PBXResourcesBuildPhase section */

/* Begin PBXShellScriptBuildPhase section */
		25FA88D0EDA036AF1365C887 /* [CP] Copy Pods Resources */ = {
			isa = PBXShellScriptBuildPhase;
			buildActionMask = 2147483647;
			files = (
			);
			inputPaths = (
			);
			name = "[CP] Copy Pods Resources";
			outputPaths = (
			);
			runOnlyForDeploymentPostprocessing = 0;
			shellPath = /bin/sh;
			shellScript = "\"${SRCROOT}/Pods/Target Support Files/Pods-Messager/Pods-Messager-resources.sh\"\n";
			showEnvVarsInLog = 0;
		};
		4A853792E1149A93370CAEA5 /* [CP] Check Pods Manifest.lock */ = {
			isa = PBXShellScriptBuildPhase;
			buildActionMask = 2147483647;
			files = (
			);
			inputPaths = (
			);
			name = "[CP] Check Pods Manifest.lock";
			outputPaths = (
			);
			runOnlyForDeploymentPostprocessing = 0;
			shellPath = /bin/sh;
			shellScript = "diff \"${PODS_PODFILE_DIR_PATH}/Podfile.lock\" \"${PODS_ROOT}/Manifest.lock\" > /dev/null\nif [ $? != 0 ] ; then\n    # print error to STDERR\n    echo \"error: The sandbox is not in sync with the Podfile.lock. Run 'pod install' or update your CocoaPods installation.\" >&2\n    exit 1\nfi\n";
			showEnvVarsInLog = 0;
		};
		580CB1B0A76CC724E01DC567 /* [CP] Embed Pods Frameworks */ = {
			isa = PBXShellScriptBuildPhase;
			buildActionMask = 2147483647;
			files = (
			);
			inputPaths = (
			);
			name = "[CP] Embed Pods Frameworks";
			outputPaths = (
			);
			runOnlyForDeploymentPostprocessing = 0;
			shellPath = /bin/sh;
			shellScript = "\"${SRCROOT}/Pods/Target Support Files/Pods-Messager/Pods-Messager-frameworks.sh\"\n";
			showEnvVarsInLog = 0;
		};
/* End PBXShellScriptBuildPhase section */

/* Begin PBXSourcesBuildPhase section */
		307797C61EDF0ED600DA23AA /* Sources */ = {
			isa = PBXSourcesBuildPhase;
			buildActionMask = 2147483647;
			files = (
				308141411EE4680400E38560 /* ChatController+zoomImage+playVideo.swift in Sources */,
				307797E81EDF1AE700DA23AA /* LoginVC+keyboardObserver.swift in Sources */,
				30821DA71EE2CB6600F4C2E6 /* MessagesTableController+observeUserMessages.swift in Sources */,
				30821DA31EE2C03000F4C2E6 /* ChatLogController+observeMessagesUpdated.swift in Sources */,
				307797E61EDF121D00DA23AA /* UIView+extension.swift in Sources */,
				304727711EE10C7400DBC4B5 /* RegisterProfilePictureViewController.swift in Sources */,
				30821D9F1EE2B26C00F4C2E6 /* ChatLogController+send.swift in Sources */,
				307797E11EDF0FF700DA23AA /* LoginViewController.swift in Sources */,
				3061FBA21EE05E27003A7EA1 /* LoginVC+segmentedControl.swift in Sources */,
				3045C2C81EE44D250042993E /* ChatLogController+uploadImage.swift in Sources */,
				30822E841EE2A0FC002067DC /* PresentChatLogDelegate.swift in Sources */,
				30965D7C1EE07EDC003B82DF /* NewMessageTableViewController.swift in Sources */,
				30822E821EE2A018002067DC /* ChatLogCollectionViewController.swift in Sources */,
				307797D01EDF0ED600DA23AA /* MessagesTableViewController.swift in Sources */,
				304727731EE10D4B00DBC4B5 /* PresentProfilePicturePickerDelegate.swift in Sources */,
				3045C2C61EE428A30042993E /* String+estimatedRect.swift in Sources */,
				30965D7E1EE084F3003B82DF /* NewMessageTableViewCell.swift in Sources */,
				30965D791EE07D05003B82DF /* User.swift in Sources */,
				30821DA91EE2EC3C00F4C2E6 /* MessagesTableViewCell.swift in Sources */,
				307797CE1EDF0ED600DA23AA /* AppDelegate.swift in Sources */,
				307797ED1EDF320900DA23AA /* LoginVC+login+register.swift in Sources */,
				3045C2C41EE425F60042993E /* Date+getTimeString.swift in Sources */,
				3011EC381EE6ABF1003E755E /* ChatMessageCell+zoomImage+playVideo.swift in Sources */,
				304727751EE16A1700DBC4B5 /* UIImageView+extension.swift in Sources */,
				306D947A1EE332C100D13782 /* Double+getTimeAgoString.swift in Sources */,
				308141431EE47CC700E38560 /* MessagesTalbeController+delete.swift in Sources */,
				30821DA51EE2C20A00F4C2E6 /* Message.swift in Sources */,
				3081413F1EE4679600E38560 /* ZoomImageAndPlayVideoDelegate.swift in Sources */,
				30821DA11EE2BA8B00F4C2E6 /* ChatMessageCollectionViewCell.swift in Sources */,
				307797E41EDF109F00DA23AA /* UIColor+extension.swift in Sources */,
			);
			runOnlyForDeploymentPostprocessing = 0;
		};
/* End PBXSourcesBuildPhase section */

/* Begin PBXVariantGroup section */
		307797D61EDF0ED600DA23AA /* LaunchScreen.storyboard */ = {
			isa = PBXVariantGroup;
			children = (
				307797D71EDF0ED600DA23AA /* Base */,
			);
			name = LaunchScreen.storyboard;
			sourceTree = "<group>";
		};
/* End PBXVariantGroup section */

/* Begin XCBuildConfiguration section */
		307797DA1EDF0ED600DA23AA /* Debug */ = {
			isa = XCBuildConfiguration;
			buildSettings = {
				ALWAYS_SEARCH_USER_PATHS = NO;
				CLANG_ANALYZER_NONNULL = YES;
				CLANG_ANALYZER_NUMBER_OBJECT_CONVERSION = YES_AGGRESSIVE;
				CLANG_CXX_LANGUAGE_STANDARD = "gnu++0x";
				CLANG_CXX_LIBRARY = "libc++";
				CLANG_ENABLE_MODULES = YES;
				CLANG_ENABLE_OBJC_ARC = YES;
				CLANG_WARN_BOOL_CONVERSION = YES;
				CLANG_WARN_CONSTANT_CONVERSION = YES;
				CLANG_WARN_DIRECT_OBJC_ISA_USAGE = YES_ERROR;
				CLANG_WARN_DOCUMENTATION_COMMENTS = YES;
				CLANG_WARN_EMPTY_BODY = YES;
				CLANG_WARN_ENUM_CONVERSION = YES;
				CLANG_WARN_INFINITE_RECURSION = YES;
				CLANG_WARN_INT_CONVERSION = YES;
				CLANG_WARN_OBJC_ROOT_CLASS = YES_ERROR;
				CLANG_WARN_SUSPICIOUS_MOVE = YES;
				CLANG_WARN_UNREACHABLE_CODE = YES;
				CLANG_WARN__DUPLICATE_METHOD_MATCH = YES;
				"CODE_SIGN_IDENTITY[sdk=iphoneos*]" = "iPhone Developer";
				COPY_PHASE_STRIP = NO;
				DEBUG_INFORMATION_FORMAT = dwarf;
				ENABLE_STRICT_OBJC_MSGSEND = YES;
				ENABLE_TESTABILITY = YES;
				GCC_C_LANGUAGE_STANDARD = gnu99;
				GCC_DYNAMIC_NO_PIC = NO;
				GCC_NO_COMMON_BLOCKS = YES;
				GCC_OPTIMIZATION_LEVEL = 0;
				GCC_PREPROCESSOR_DEFINITIONS = (
					"DEBUG=1",
					"$(inherited)",
				);
				GCC_WARN_64_TO_32_BIT_CONVERSION = YES;
				GCC_WARN_ABOUT_RETURN_TYPE = YES_ERROR;
				GCC_WARN_UNDECLARED_SELECTOR = YES;
				GCC_WARN_UNINITIALIZED_AUTOS = YES_AGGRESSIVE;
				GCC_WARN_UNUSED_FUNCTION = YES;
				GCC_WARN_UNUSED_VARIABLE = YES;
				IPHONEOS_DEPLOYMENT_TARGET = 10.3;
				MTL_ENABLE_DEBUG_INFO = YES;
				ONLY_ACTIVE_ARCH = YES;
				SDKROOT = iphoneos;
				SWIFT_ACTIVE_COMPILATION_CONDITIONS = DEBUG;
				SWIFT_OPTIMIZATION_LEVEL = "-Onone";
				TARGETED_DEVICE_FAMILY = "1,2";
			};
			name = Debug;
		};
		307797DB1EDF0ED600DA23AA /* Release */ = {
			isa = XCBuildConfiguration;
			buildSettings = {
				ALWAYS_SEARCH_USER_PATHS = NO;
				CLANG_ANALYZER_NONNULL = YES;
				CLANG_ANALYZER_NUMBER_OBJECT_CONVERSION = YES_AGGRESSIVE;
				CLANG_CXX_LANGUAGE_STANDARD = "gnu++0x";
				CLANG_CXX_LIBRARY = "libc++";
				CLANG_ENABLE_MODULES = YES;
				CLANG_ENABLE_OBJC_ARC = YES;
				CLANG_WARN_BOOL_CONVERSION = YES;
				CLANG_WARN_CONSTANT_CONVERSION = YES;
				CLANG_WARN_DIRECT_OBJC_ISA_USAGE = YES_ERROR;
				CLANG_WARN_DOCUMENTATION_COMMENTS = YES;
				CLANG_WARN_EMPTY_BODY = YES;
				CLANG_WARN_ENUM_CONVERSION = YES;
				CLANG_WARN_INFINITE_RECURSION = YES;
				CLANG_WARN_INT_CONVERSION = YES;
				CLANG_WARN_OBJC_ROOT_CLASS = YES_ERROR;
				CLANG_WARN_SUSPICIOUS_MOVE = YES;
				CLANG_WARN_UNREACHABLE_CODE = YES;
				CLANG_WARN__DUPLICATE_METHOD_MATCH = YES;
				"CODE_SIGN_IDENTITY[sdk=iphoneos*]" = "iPhone Developer";
				COPY_PHASE_STRIP = NO;
				DEBUG_INFORMATION_FORMAT = "dwarf-with-dsym";
				ENABLE_NS_ASSERTIONS = NO;
				ENABLE_STRICT_OBJC_MSGSEND = YES;
				GCC_C_LANGUAGE_STANDARD = gnu99;
				GCC_NO_COMMON_BLOCKS = YES;
				GCC_WARN_64_TO_32_BIT_CONVERSION = YES;
				GCC_WARN_ABOUT_RETURN_TYPE = YES_ERROR;
				GCC_WARN_UNDECLARED_SELECTOR = YES;
				GCC_WARN_UNINITIALIZED_AUTOS = YES_AGGRESSIVE;
				GCC_WARN_UNUSED_FUNCTION = YES;
				GCC_WARN_UNUSED_VARIABLE = YES;
				IPHONEOS_DEPLOYMENT_TARGET = 10.3;
				MTL_ENABLE_DEBUG_INFO = NO;
				SDKROOT = iphoneos;
				SWIFT_OPTIMIZATION_LEVEL = "-Owholemodule";
				TARGETED_DEVICE_FAMILY = "1,2";
				VALIDATE_PRODUCT = YES;
			};
			name = Release;
		};
		307797DD1EDF0ED600DA23AA /* Debug */ = {
			isa = XCBuildConfiguration;
			baseConfigurationReference = 87AD0E985007139D3DA2DEAE /* Pods-Messager.debug.xcconfig */;
			buildSettings = {
				ASSETCATALOG_COMPILER_APPICON_NAME = AppIcon;
				DEVELOPMENT_TEAM = 2MRG3U4CR7;
				INFOPLIST_FILE = Messager/Info.plist;
				LD_RUNPATH_SEARCH_PATHS = "$(inherited) @executable_path/Frameworks";
				PRODUCT_BUNDLE_IDENTIFIER = AppsInnovation.Messager;
				PRODUCT_NAME = "$(TARGET_NAME)";
				SWIFT_VERSION = 3.0;
				TARGETED_DEVICE_FAMILY = 1;
			};
			name = Debug;
		};
		307797DE1EDF0ED600DA23AA /* Release */ = {
			isa = XCBuildConfiguration;
			baseConfigurationReference = 315218BF318852436F8F32E5 /* Pods-Messager.release.xcconfig */;
			buildSettings = {
				ASSETCATALOG_COMPILER_APPICON_NAME = AppIcon;
				DEVELOPMENT_TEAM = 2MRG3U4CR7;
				INFOPLIST_FILE = Messager/Info.plist;
				LD_RUNPATH_SEARCH_PATHS = "$(inherited) @executable_path/Frameworks";
				PRODUCT_BUNDLE_IDENTIFIER = AppsInnovation.Messager;
				PRODUCT_NAME = "$(TARGET_NAME)";
				SWIFT_VERSION = 3.0;
				TARGETED_DEVICE_FAMILY = 1;
			};
			name = Release;
		};
/* End XCBuildConfiguration section */

/* Begin XCConfigurationList section */
		307797C51EDF0ED600DA23AA /* Build configuration list for PBXProject "Messager" */ = {
			isa = XCConfigurationList;
			buildConfigurations = (
				307797DA1EDF0ED600DA23AA /* Debug */,
				307797DB1EDF0ED600DA23AA /* Release */,
			);
			defaultConfigurationIsVisible = 0;
			defaultConfigurationName = Release;
		};
		307797DC1EDF0ED600DA23AA /* Build configuration list for PBXNativeTarget "Messager" */ = {
			isa = XCConfigurationList;
			buildConfigurations = (
				307797DD1EDF0ED600DA23AA /* Debug */,
				307797DE1EDF0ED600DA23AA /* Release */,
			);
			defaultConfigurationIsVisible = 0;
			defaultConfigurationName = Release;
		};
/* End XCConfigurationList section */
	};
	rootObject = 307797C21EDF0ED600DA23AA /* Project object */;
}
